
Microsoft Visual Studio Solution File, Format Version 12.00
# Visual Studio 2013
VisualStudioVersion = 12.0.30723.0
MinimumVisualStudioVersion = 10.0.40219.1
Project("{FAE04EC0-301F-11D3-BF4B-00C04F79EFBC}") = "NeuChat", "NeuChat\NeuChat\NeuChat.csproj", "{2648039D-AEB4-42A6-9856-E99E2B7AC993}"
EndProject
Project("{FAE04EC0-301F-11D3-BF4B-00C04F79EFBC}") = "NeuChat.iOS", "NeuChat\NeuChat.iOS\NeuChat.iOS.csproj", "{885AF8A4-A441-4A20-A95B-FB82B9FF5D7A}"
EndProject
Project("{FAE04EC0-301F-11D3-BF4B-00C04F79EFBC}") = "NeuChat.Android", "NeuChat\NeuChat.Android\NeuChat.Android.csproj", "{2AD4387A-DB70-4766-A42A-15D63AD69F2C}"
EndProject
Project("{FAE04EC0-301F-11D3-BF4B-00C04F79EFBC}") = "NeuChat.WinPhone", "NeuChat\NeuChat.WinPhone\NeuChat.WinPhone.csproj", "{737BA2A9-97BE-41E1-9C60-A67BB9AFDEBC}"
EndProject
Global
	GlobalSection(SolutionConfigurationPlatforms) = preSolution
		Ad-Hoc|Any CPU = Ad-Hoc|Any CPU
		Ad-Hoc|ARM = Ad-Hoc|ARM
		Ad-Hoc|iPhone = Ad-Hoc|iPhone
		Ad-Hoc|iPhoneSimulator = Ad-Hoc|iPhoneSimulator
		Ad-Hoc|Mixed Platforms = Ad-Hoc|Mixed Platforms
		Ad-Hoc|x86 = Ad-Hoc|x86
		AppStore|Any CPU = AppStore|Any CPU
		AppStore|ARM = AppStore|ARM
		AppStore|iPhone = AppStore|iPhone
		AppStore|iPhoneSimulator = AppStore|iPhoneSimulator
		AppStore|Mixed Platforms = AppStore|Mixed Platforms
		AppStore|x86 = AppStore|x86
		Debug|Any CPU = Debug|Any CPU
		Debug|ARM = Debug|ARM
		Debug|iPhone = Debug|iPhone
		Debug|iPhoneSimulator = Debug|iPhoneSimulator
		Debug|Mixed Platforms = Debug|Mixed Platforms
		Debug|x86 = Debug|x86
		Release|Any CPU = Release|Any CPU
		Release|ARM = Release|ARM
		Release|iPhone = Release|iPhone
		Release|iPhoneSimulator = Release|iPhoneSimulator
		Release|Mixed Platforms = Release|Mixed Platforms
		Release|x86 = Release|x86
	EndGlobalSection
	GlobalSection(ProjectConfigurationPlatforms) = postSolution
		{2648039D-AEB4-42A6-9856-E99E2B7AC993}.Ad-Hoc|Any CPU.ActiveCfg = Release|Any CPU
		{2648039D-AEB4-42A6-9856-E99E2B7AC993}.Ad-Hoc|Any CPU.Build.0 = Release|Any CPU
		{2648039D-AEB4-42A6-9856-E99E2B7AC993}.Ad-Hoc|ARM.ActiveCfg = Release|Any CPU
		{2648039D-AEB4-42A6-9856-E99E2B7AC993}.Ad-Hoc|iPhone.ActiveCfg = Release|Any CPU
		{2648039D-AEB4-42A6-9856-E99E2B7AC993}.Ad-Hoc|iPhoneSimulator.ActiveCfg = Release|Any CPU
		{2648039D-AEB4-42A6-9856-E99E2B7AC993}.Ad-Hoc|Mixed Platforms.ActiveCfg = Release|Any CPU
		{2648039D-AEB4-42A6-9856-E99E2B7AC993}.Ad-Hoc|Mixed Platforms.Build.0 = Release|Any CPU
		{2648039D-AEB4-42A6-9856-E99E2B7AC993}.Ad-Hoc|x86.ActiveCfg = Release|Any CPU
		{2648039D-AEB4-42A6-9856-E99E2B7AC993}.AppStore|Any CPU.ActiveCfg = Release|Any CPU
		{2648039D-AEB4-42A6-9856-E99E2B7AC993}.AppStore|Any CPU.Build.0 = Release|Any CPU
		{2648039D-AEB4-42A6-9856-E99E2B7AC993}.AppStore|ARM.ActiveCfg = Release|Any CPU
		{2648039D-AEB4-42A6-9856-E99E2B7AC993}.AppStore|iPhone.ActiveCfg = Release|Any CPU
		{2648039D-AEB4-42A6-9856-E99E2B7AC993}.AppStore|iPhoneSimulator.ActiveCfg = Release|Any CPU
		{2648039D-AEB4-42A6-9856-E99E2B7AC993}.AppStore|Mixed Platforms.ActiveCfg = Release|Any CPU
		{2648039D-AEB4-42A6-9856-E99E2B7AC993}.AppStore|Mixed Platforms.Build.0 = Release|Any CPU
		{2648039D-AEB4-42A6-9856-E99E2B7AC993}.AppStore|x86.ActiveCfg = Release|Any CPU
		{2648039D-AEB4-42A6-9856-E99E2B7AC993}.Debug|Any CPU.ActiveCfg = Debug|Any CPU
		{2648039D-AEB4-42A6-9856-E99E2B7AC993}.Debug|Any CPU.Build.0 = Debug|Any CPU
		{2648039D-AEB4-42A6-9856-E99E2B7AC993}.Debug|ARM.ActiveCfg = Debug|Any CPU
		{2648039D-AEB4-42A6-9856-E99E2B7AC993}.Debug|iPhone.ActiveCfg = Debug|Any CPU
		{2648039D-AEB4-42A6-9856-E99E2B7AC993}.Debug|iPhoneSimulator.ActiveCfg = Debug|Any CPU
		{2648039D-AEB4-42A6-9856-E99E2B7AC993}.Debug|Mixed Platforms.ActiveCfg = Debug|Any CPU
		{2648039D-AEB4-42A6-9856-E99E2B7AC993}.Debug|Mixed Platforms.Build.0 = Debug|Any CPU
		{2648039D-AEB4-42A6-9856-E99E2B7AC993}.Debug|x86.ActiveCfg = Debug|Any CPU
		{2648039D-AEB4-42A6-9856-E99E2B7AC993}.Release|Any CPU.ActiveCfg = Release|Any CPU
		{2648039D-AEB4-42A6-9856-E99E2B7AC993}.Release|Any CPU.Build.0 = Release|Any CPU
		{2648039D-AEB4-42A6-9856-E99E2B7AC993}.Release|ARM.ActiveCfg = Release|Any CPU
		{2648039D-AEB4-42A6-9856-E99E2B7AC993}.Release|iPhone.ActiveCfg = Release|Any CPU
		{2648039D-AEB4-42A6-9856-E99E2B7AC993}.Release|iPhoneSimulator.ActiveCfg = Release|Any CPU
		{2648039D-AEB4-42A6-9856-E99E2B7AC993}.Release|Mixed Platforms.ActiveCfg = Release|Any CPU
		{2648039D-AEB4-42A6-9856-E99E2B7AC993}.Release|Mixed Platforms.Build.0 = Release|Any CPU
		{2648039D-AEB4-42A6-9856-E99E2B7AC993}.Release|x86.ActiveCfg = Release|Any CPU
		{885AF8A4-A441-4A20-A95B-FB82B9FF5D7A}.Ad-Hoc|Any CPU.ActiveCfg = Ad-Hoc|iPhone
		{885AF8A4-A441-4A20-A95B-FB82B9FF5D7A}.Ad-Hoc|ARM.ActiveCfg = Ad-Hoc|iPhone
		{885AF8A4-A441-4A20-A95B-FB82B9FF5D7A}.Ad-Hoc|iPhone.ActiveCfg = Ad-Hoc|iPhone
		{885AF8A4-A441-4A20-A95B-FB82B9FF5D7A}.Ad-Hoc|iPhone.Build.0 = Ad-Hoc|iPhone
		{885AF8A4-A441-4A20-A95B-FB82B9FF5D7A}.Ad-Hoc|iPhoneSimulator.ActiveCfg = Ad-Hoc|iPhoneSimulator
		{885AF8A4-A441-4A20-A95B-FB82B9FF5D7A}.Ad-Hoc|iPhoneSimulator.Build.0 = Ad-Hoc|iPhoneSimulator
		{885AF8A4-A441-4A20-A95B-FB82B9FF5D7A}.Ad-Hoc|Mixed Platforms.ActiveCfg = Ad-Hoc|iPhone
		{885AF8A4-A441-4A20-A95B-FB82B9FF5D7A}.Ad-Hoc|Mixed Platforms.Build.0 = Ad-Hoc|iPhone
		{885AF8A4-A441-4A20-A95B-FB82B9FF5D7A}.Ad-Hoc|x86.ActiveCfg = Ad-Hoc|iPhone
		{885AF8A4-A441-4A20-A95B-FB82B9FF5D7A}.AppStore|Any CPU.ActiveCfg = AppStore|iPhone
		{885AF8A4-A441-4A20-A95B-FB82B9FF5D7A}.AppStore|ARM.ActiveCfg = AppStore|iPhone
		{885AF8A4-A441-4A20-A95B-FB82B9FF5D7A}.AppStore|iPhone.ActiveCfg = AppStore|iPhone
		{885AF8A4-A441-4A20-A95B-FB82B9FF5D7A}.AppStore|iPhone.Build.0 = AppStore|iPhone
		{885AF8A4-A441-4A20-A95B-FB82B9FF5D7A}.AppStore|iPhoneSimulator.ActiveCfg = AppStore|iPhoneSimulator
		{885AF8A4-A441-4A20-A95B-FB82B9FF5D7A}.AppStore|iPhoneSimulator.Build.0 = AppStore|iPhoneSimulator
		{885AF8A4-A441-4A20-A95B-FB82B9FF5D7A}.AppStore|Mixed Platforms.ActiveCfg = AppStore|iPhone
		{885AF8A4-A441-4A20-A95B-FB82B9FF5D7A}.AppStore|Mixed Platforms.Build.0 = AppStore|iPhone
		{885AF8A4-A441-4A20-A95B-FB82B9FF5D7A}.AppStore|x86.ActiveCfg = AppStore|iPhone
		{885AF8A4-A441-4A20-A95B-FB82B9FF5D7A}.Debug|Any CPU.ActiveCfg = Debug|iPhone
		{885AF8A4-A441-4A20-A95B-FB82B9FF5D7A}.Debug|ARM.ActiveCfg = Debug|iPhone
		{885AF8A4-A441-4A20-A95B-FB82B9FF5D7A}.Debug|iPhone.ActiveCfg = Debug|iPhone
		{885AF8A4-A441-4A20-A95B-FB82B9FF5D7A}.Debug|iPhone.Build.0 = Debug|iPhone
		{885AF8A4-A441-4A20-A95B-FB82B9FF5D7A}.Debug|iPhoneSimulator.ActiveCfg = Debug|iPhoneSimulator
		{885AF8A4-A441-4A20-A95B-FB82B9FF5D7A}.Debug|iPhoneSimulator.Build.0 = Debug|iPhoneSimulator
		{885AF8A4-A441-4A20-A95B-FB82B9FF5D7A}.Debug|Mixed Platforms.ActiveCfg = Debug|iPhone
		{885AF8A4-A441-4A20-A95B-FB82B9FF5D7A}.Debug|Mixed Platforms.Build.0 = Debug|iPhone
		{885AF8A4-A441-4A20-A95B-FB82B9FF5D7A}.Debug|x86.ActiveCfg = Debug|iPhone
		{885AF8A4-A441-4A20-A95B-FB82B9FF5D7A}.Release|Any CPU.ActiveCfg = Release|iPhone
		{885AF8A4-A441-4A20-A95B-FB82B9FF5D7A}.Release|ARM.ActiveCfg = Release|iPhone
		{885AF8A4-A441-4A20-A95B-FB82B9FF5D7A}.Release|iPhone.ActiveCfg = Release|iPhone
		{885AF8A4-A441-4A20-A95B-FB82B9FF5D7A}.Release|iPhone.Build.0 = Release|iPhone
		{885AF8A4-A441-4A20-A95B-FB82B9FF5D7A}.Release|iPhoneSimulator.ActiveCfg = Release|iPhoneSimulator
		{885AF8A4-A441-4A20-A95B-FB82B9FF5D7A}.Release|iPhoneSimulator.Build.0 = Release|iPhoneSimulator
		{885AF8A4-A441-4A20-A95B-FB82B9FF5D7A}.Release|Mixed Platforms.ActiveCfg = Release|iPhone
		{885AF8A4-A441-4A20-A95B-FB82B9FF5D7A}.Release|Mixed Platforms.Build.0 = Release|iPhone
		{885AF8A4-A441-4A20-A95B-FB82B9FF5D7A}.Release|x86.ActiveCfg = Release|iPhone
		{2AD4387A-DB70-4766-A42A-15D63AD69F2C}.Ad-Hoc|Any CPU.ActiveCfg = Release|Any CPU
		{2AD4387A-DB70-4766-A42A-15D63AD69F2C}.Ad-Hoc|Any CPU.Build.0 = Release|Any CPU
		{2AD4387A-DB70-4766-A42A-15D63AD69F2C}.Ad-Hoc|Any CPU.Deploy.0 = Release|Any CPU
		{2AD4387A-DB70-4766-A42A-15D63AD69F2C}.Ad-Hoc|ARM.ActiveCfg = Release|Any CPU
		{2AD4387A-DB70-4766-A42A-15D63AD69F2C}.Ad-Hoc|iPhone.ActiveCfg = Release|Any CPU
		{2AD4387A-DB70-4766-A42A-15D63AD69F2C}.Ad-Hoc|iPhoneSimulator.ActiveCfg = Release|Any CPU
		{2AD4387A-DB70-4766-A42A-15D63AD69F2C}.Ad-Hoc|Mixed Platforms.ActiveCfg = Release|Any CPU
		{2AD4387A-DB70-4766-A42A-15D63AD69F2C}.Ad-Hoc|Mixed Platforms.Build.0 = Release|Any CPU
		{2AD4387A-DB70-4766-A42A-15D63AD69F2C}.Ad-Hoc|Mixed Platforms.Deploy.0 = Release|Any CPU
		{2AD4387A-DB70-4766-A42A-15D63AD69F2C}.Ad-Hoc|x86.ActiveCfg = Release|Any CPU
		{2AD4387A-DB70-4766-A42A-15D63AD69F2C}.AppStore|Any CPU.ActiveCfg = Release|Any CPU
		{2AD4387A-DB70-4766-A42A-15D63AD69F2C}.AppStore|Any CPU.Build.0 = Release|Any CPU
		{2AD4387A-DB70-4766-A42A-15D63AD69F2C}.AppStore|Any CPU.Deploy.0 = Release|Any CPU
		{2AD4387A-DB70-4766-A42A-15D63AD69F2C}.AppStore|ARM.ActiveCfg = Release|Any CPU
		{2AD4387A-DB70-4766-A42A-15D63AD69F2C}.AppStore|iPhone.ActiveCfg = Release|Any CPU
		{2AD4387A-DB70-4766-A42A-15D63AD69F2C}.AppStore|iPhoneSimulator.ActiveCfg = Release|Any CPU
		{2AD4387A-DB70-4766-A42A-15D63AD69F2C}.AppStore|Mixed Platforms.ActiveCfg = Release|Any CPU
		{2AD4387A-DB70-4766-A42A-15D63AD69F2C}.AppStore|Mixed Platforms.Build.0 = Release|Any CPU
		{2AD4387A-DB70-4766-A42A-15D63AD69F2C}.AppStore|Mixed Platforms.Deploy.0 = Release|Any CPU
		{2AD4387A-DB70-4766-A42A-15D63AD69F2C}.AppStore|x86.ActiveCfg = Release|Any CPU
		{2AD4387A-DB70-4766-A42A-15D63AD69F2C}.Debug|Any CPU.ActiveCfg = Debug|Any CPU
		{2AD4387A-DB70-4766-A42A-15D63AD69F2C}.Debug|Any CPU.Build.0 = Debug|Any CPU
		{2AD4387A-DB70-4766-A42A-15D63AD69F2C}.Debug|Any CPU.Deploy.0 = Debug|Any CPU
		{2AD4387A-DB70-4766-A42A-15D63AD69F2C}.Debug|ARM.ActiveCfg = Debug|Any CPU
		{2AD4387A-DB70-4766-A42A-15D63AD69F2C}.Debug|iPhone.ActiveCfg = Debug|Any CPU
		{2AD4387A-DB70-4766-A42A-15D63AD69F2C}.Debug|iPhoneSimulator.ActiveCfg = Debug|Any CPU
		{2AD4387A-DB70-4766-A42A-15D63AD69F2C}.Debug|Mixed Platforms.ActiveCfg = Debug|Any CPU
		{2AD4387A-DB70-4766-A42A-15D63AD69F2C}.Debug|Mixed Platforms.Build.0 = Debug|Any CPU
		{2AD4387A-DB70-4766-A42A-15D63AD69F2C}.Debug|Mixed Platforms.Deploy.0 = Debug|Any CPU
		{2AD4387A-DB70-4766-A42A-15D63AD69F2C}.Debug|x86.ActiveCfg = Debug|Any CPU
		{2AD4387A-DB70-4766-A42A-15D63AD69F2C}.Release|Any CPU.ActiveCfg = Release|Any CPU
		{2AD4387A-DB70-4766-A42A-15D63AD69F2C}.Release|Any CPU.Build.0 = Release|Any CPU
		{2AD4387A-DB70-4766-A42A-15D63AD69F2C}.Release|Any CPU.Deploy.0 = Release|Any CPU
		{2AD4387A-DB70-4766-A42A-15D63AD69F2C}.Release|ARM.ActiveCfg = Release|Any CPU
		{2AD4387A-DB70-4766-A42A-15D63AD69F2C}.Release|iPhone.ActiveCfg = Release|Any CPU
		{2AD4387A-DB70-4766-A42A-15D63AD69F2C}.Release|iPhoneSimulator.ActiveCfg = Release|Any CPU
		{2AD4387A-DB70-4766-A42A-15D63AD69F2C}.Release|Mixed Platforms.ActiveCfg = Release|Any CPU
		{2AD4387A-DB70-4766-A42A-15D63AD69F2C}.Release|Mixed Platforms.Build.0 = Release|Any CPU
		{2AD4387A-DB70-4766-A42A-15D63AD69F2C}.Release|Mixed Platforms.Deploy.0 = Release|Any CPU
		{2AD4387A-DB70-4766-A42A-15D63AD69F2C}.Release|x86.ActiveCfg = Release|Any CPU
		{737BA2A9-97BE-41E1-9C60-A67BB9AFDEBC}.Ad-Hoc|Any CPU.ActiveCfg = Release|Any CPU
		{737BA2A9-97BE-41E1-9C60-A67BB9AFDEBC}.Ad-Hoc|Any CPU.Build.0 = Release|Any CPU
		{737BA2A9-97BE-41E1-9C60-A67BB9AFDEBC}.Ad-Hoc|Any CPU.Deploy.0 = Release|Any CPU
		{737BA2A9-97BE-41E1-9C60-A67BB9AFDEBC}.Ad-Hoc|ARM.ActiveCfg = Release|ARM
		{737BA2A9-97BE-41E1-9C60-A67BB9AFDEBC}.Ad-Hoc|ARM.Build.0 = Release|ARM
		{737BA2A9-97BE-41E1-9C60-A67BB9AFDEBC}.Ad-Hoc|ARM.Deploy.0 = Release|ARM
		{737BA2A9-97BE-41E1-9C60-A67BB9AFDEBC}.Ad-Hoc|iPhone.ActiveCfg = Release|Any CPU
		{737BA2A9-97BE-41E1-9C60-A67BB9AFDEBC}.Ad-Hoc|iPhoneSimulator.ActiveCfg = Release|Any CPU
		{737BA2A9-97BE-41E1-9C60-A67BB9AFDEBC}.Ad-Hoc|Mixed Platforms.ActiveCfg = Release|x86
		{737BA2A9-97BE-41E1-9C60-A67BB9AFDEBC}.Ad-Hoc|Mixed Platforms.Build.0 = Release|x86
		{737BA2A9-97BE-41E1-9C60-A67BB9AFDEBC}.Ad-Hoc|Mixed Platforms.Deploy.0 = Release|x86
		{737BA2A9-97BE-41E1-9C60-A67BB9AFDEBC}.Ad-Hoc|x86.ActiveCfg = Release|x86
		{737BA2A9-97BE-41E1-9C60-A67BB9AFDEBC}.Ad-Hoc|x86.Build.0 = Release|x86
		{737BA2A9-97BE-41E1-9C60-A67BB9AFDEBC}.Ad-Hoc|x86.Deploy.0 = Release|x86
		{737BA2A9-97BE-41E1-9C60-A67BB9AFDEBC}.AppStore|Any CPU.ActiveCfg = Release|Any CPU
		{737BA2A9-97BE-41E1-9C60-A67BB9AFDEBC}.AppStore|Any CPU.Build.0 = Release|Any CPU
		{737BA2A9-97BE-41E1-9C60-A67BB9AFDEBC}.AppStore|Any CPU.Deploy.0 = Release|Any CPU
		{737BA2A9-97BE-41E1-9C60-A67BB9AFDEBC}.AppStore|ARM.ActiveCfg = Release|ARM
		{737BA2A9-97BE-41E1-9C60-A67BB9AFDEBC}.AppStore|ARM.Build.0 = Release|ARM
		{737BA2A9-97BE-41E1-9C60-A67BB9AFDEBC}.AppStore|ARM.Deploy.0 = Release|ARM
		{737BA2A9-97BE-41E1-9C60-A67BB9AFDEBC}.AppStore|iPhone.ActiveCfg = Release|Any CPU
		{737BA2A9-97BE-41E1-9C60-A67BB9AFDEBC}.AppStore|iPhoneSimulator.ActiveCfg = Release|Any CPU
		{737BA2A9-97BE-41E1-9C60-A67BB9AFDEBC}.AppStore|Mixed Platforms.ActiveCfg = Release|x86
		{737BA2A9-97BE-41E1-9C60-A67BB9AFDEBC}.AppStore|Mixed Platforms.Build.0 = Release|x86
		{737BA2A9-97BE-41E1-9C60-A67BB9AFDEBC}.AppStore|Mixed Platforms.Deploy.0 = Release|x86
		{737BA2A9-97BE-41E1-9C60-A67BB9AFDEBC}.AppStore|x86.ActiveCfg = Release|x86
		{737BA2A9-97BE-41E1-9C60-A67BB9AFDEBC}.AppStore|x86.Build.0 = Release|x86
		{737BA2A9-97BE-41E1-9C60-A67BB9AFDEBC}.AppStore|x86.Deploy.0 = Release|x86
		{737BA2A9-97BE-41E1-9C60-A67BB9AFDEBC}.Debug|Any CPU.ActiveCfg = Debug|Any CPU
		{737BA2A9-97BE-41E1-9C60-A67BB9AFDEBC}.Debug|Any CPU.Build.0 = Debug|Any CPU
		{737BA2A9-97BE-41E1-9C60-A67BB9AFDEBC}.Debug|Any CPU.Deploy.0 = Debug|Any CPU
		{737BA2A9-97BE-41E1-9C60-A67BB9AFDEBC}.Debug|ARM.ActiveCfg = Debug|ARM
		{737BA2A9-97BE-41E1-9C60-A67BB9AFDEBC}.Debug|ARM.Build.0 = Debug|ARM
		{737BA2A9-97BE-41E1-9C60-A67BB9AFDEBC}.Debug|ARM.Deploy.0 = Debug|ARM
		{737BA2A9-97BE-41E1-9C60-A67BB9AFDEBC}.Debug|iPhone.ActiveCfg = Debug|Any CPU
		{737BA2A9-97BE-41E1-9C60-A67BB9AFDEBC}.Debug|iPhoneSimulator.ActiveCfg = Debug|Any CPU
		{737BA2A9-97BE-41E1-9C60-A67BB9AFDEBC}.Debug|Mixed Platforms.ActiveCfg = Debug|x86
		{737BA2A9-97BE-41E1-9C60-A67BB9AFDEBC}.Debug|Mixed Platforms.Build.0 = Debug|x86
		{737BA2A9-97BE-41E1-9C60-A67BB9AFDEBC}.Debug|Mixed Platforms.Deploy.0 = Debug|x86
		{737BA2A9-97BE-41E1-9C60-A67BB9AFDEBC}.Debug|x86.ActiveCfg = Debug|x86
		{737BA2A9-97BE-41E1-9C60-A67BB9AFDEBC}.Debug|x86.Build.0 = Debug|x86
		{737BA2A9-97BE-41E1-9C60-A67BB9AFDEBC}.Debug|x86.Deploy.0 = Debug|x86
		{737BA2A9-97BE-41E1-9C60-A67BB9AFDEBC}.Release|Any CPU.ActiveCfg = Release|Any CPU
		{737BA2A9-97BE-41E1-9C60-A67BB9AFDEBC}.Release|Any CPU.Build.0 = Release|Any CPU
		{737BA2A9-97BE-41E1-9C60-A67BB9AFDEBC}.Release|Any CPU.Deploy.0 = Release|Any CPU
		{737BA2A9-97BE-41E1-9C60-A67BB9AFDEBC}.Release|ARM.ActiveCfg = Release|ARM
		{737BA2A9-97BE-41E1-9C60-A67BB9AFDEBC}.Release|ARM.Build.0 = Release|ARM
		{737BA2A9-97BE-41E1-9C60-A67BB9AFDEBC}.Release|ARM.Deploy.0 = Release|ARM
		{737BA2A9-97BE-41E1-9C60-A67BB9AFDEBC}.Release|iPhone.ActiveCfg = Release|Any CPU
		{737BA2A9-97BE-41E1-9C60-A67BB9AFDEBC}.Release|iPhoneSimulator.ActiveCfg = Release|Any CPU
		{737BA2A9-97BE-41E1-9C60-A67BB9AFDEBC}.Release|Mixed Platforms.ActiveCfg = Release|x86
		{737BA2A9-97BE-41E1-9C60-A67BB9AFDEBC}.Release|Mixed Platforms.Build.0 = Release|x86
		{737BA2A9-97BE-41E1-9C60-A67BB9AFDEBC}.Release|Mixed Platforms.Deploy.0 = Release|x86
		{737BA2A9-97BE-41E1-9C60-A67BB9AFDEBC}.Release|x86.ActiveCfg = Release|x86
		{737BA2A9-97BE-41E1-9C60-A67BB9AFDEBC}.Release|x86.Build.0 = Release|x86
		{737BA2A9-97BE-41E1-9C60-A67BB9AFDEBC}.Release|x86.Deploy.0 = Release|x86
	EndGlobalSection
	GlobalSection(SolutionProperties) = preSolution
		HideSolutionNode = FALSE
	EndGlobalSection
EndGlobal
